
Microsoft Visual Studio Solution File, Format Version 12.00
# Visual Studio 2012
Project("{FAE04EC0-301F-11D3-BF4B-00C04F79EFBC}") = "Solitaire350", "Solitaire350\Solitaire350.csproj", "{0E20A62E-0B03-40C8-A3FF-F344796EA60C}"
EndProject
Project("{2150E333-8FDC-42A3-9474-1A3956D46DE8}") = ".nuget", ".nuget", "{302317C5-BB13-4D8B-A885-DD5BE58D868D}"
	ProjectSection(SolutionItems) = preProject
		.nuget\packages.config = .nuget\packages.config
	EndProjectSection
EndProject
Global
	GlobalSection(SolutionConfigurationPlatforms) = preSolution
		Debug|Any CPU = Debug|Any CPU
		Release|Any CPU = Release|Any CPU
	EndGlobalSection
	GlobalSection(ProjectConfigurationPlatforms) = postSolution
		{0E20A62E-0B03-40C8-A3FF-F344796EA60C}.Debug|Any CPU.ActiveCfg = Debug|Any CPU
		{0E20A62E-0B03-40C8-A3FF-F344796EA60C}.Debug|Any CPU.Build.0 = Debug|Any CPU
		{0E20A62E-0B03-40C8-A3FF-F344796EA60C}.Release|Any CPU.ActiveCfg = Release|Any CPU
		{0E20A62E-0B03-40C8-A3FF-F344796EA60C}.Release|Any CPU.Build.0 = Release|Any CPU
	EndGlobalSection
	GlobalSection(SolutionProperties) = preSolution
		HideSolutionNode = FALSE
	EndGlobalSection
EndGlobal
